// !$*UTF8*$!
{
	archiveVersion = 1;
	classes = {
	};
	objectVersion = 55;
	objects = {

/* Begin PBXBuildFile section */
		185EA3C82715355F0024DC33 /* LandmarksApp.swift in Sources */ = {isa = PBXBuildFile; fileRef = 185EA3C72715355F0024DC33 /* LandmarksApp.swift */; };
		185EA3CA2715355F0024DC33 /* ContentView.swift in Sources */ = {isa = PBXBuildFile; fileRef = 185EA3C92715355F0024DC33 /* ContentView.swift */; };
		185EA3CC271535600024DC33 /* Assets.xcassets in Resources */ = {isa = PBXBuildFile; fileRef = 185EA3CB271535600024DC33 /* Assets.xcassets */; };
		185EA3CF271535600024DC33 /* Preview Assets.xcassets in Resources */ = {isa = PBXBuildFile; fileRef = 185EA3CE271535600024DC33 /* Preview Assets.xcassets */; };
		185EA3D9271535610024DC33 /* LandmarksTests.swift in Sources */ = {isa = PBXBuildFile; fileRef = 185EA3D8271535610024DC33 /* LandmarksTests.swift */; };
		185EA3E3271535610024DC33 /* LandmarksUITests.swift in Sources */ = {isa = PBXBuildFile; fileRef = 185EA3E2271535610024DC33 /* LandmarksUITests.swift */; };
		185EA3E5271535610024DC33 /* LandmarksUITestsLaunchTests.swift in Sources */ = {isa = PBXBuildFile; fileRef = 185EA3E4271535610024DC33 /* LandmarksUITestsLaunchTests.swift */; };
		185EA3F627153DD10024DC33 /* CircleImage.swift in Sources */ = {isa = PBXBuildFile; fileRef = 185EA3F527153DD10024DC33 /* CircleImage.swift */; };
		185EA3F827153EE30024DC33 /* MapView.swift in Sources */ = {isa = PBXBuildFile; fileRef = 185EA3F727153EE30024DC33 /* MapView.swift */; };
		185EA3FA2715439A0024DC33 /* landmarkData.json in Resources */ = {isa = PBXBuildFile; fileRef = 185EA3F92715439A0024DC33 /* landmarkData.json */; };
		185EA3FC271543D20024DC33 /* Landmark.swift in Sources */ = {isa = PBXBuildFile; fileRef = 185EA3FB271543D20024DC33 /* Landmark.swift */; };
		185EA3FE271545690024DC33 /* ModelData.swift in Sources */ = {isa = PBXBuildFile; fileRef = 185EA3FD271545690024DC33 /* ModelData.swift */; };
		185EA403271556F70024DC33 /* LandmarkRow.swift in Sources */ = {isa = PBXBuildFile; fileRef = 185EA402271556F70024DC33 /* LandmarkRow.swift */; };
		185EA40627155A3F0024DC33 /* LandmarkList.swift in Sources */ = {isa = PBXBuildFile; fileRef = 185EA40527155A3F0024DC33 /* LandmarkList.swift */; };
/* End PBXBuildFile section */

/* Begin PBXContainerItemProxy section */
		185EA3D5271535610024DC33 /* PBXContainerItemProxy */ = {
			isa = PBXContainerItemProxy;
			containerPortal = 185EA3BC2715355F0024DC33 /* Project object */;
			proxyType = 1;
			remoteGlobalIDString = 185EA3C32715355F0024DC33;
			remoteInfo = Landmarks;
		};
		185EA3DF271535610024DC33 /* PBXContainerItemProxy */ = {
			isa = PBXContainerItemProxy;
			containerPortal = 185EA3BC2715355F0024DC33 /* Project object */;
			proxyType = 1;
			remoteGlobalIDString = 185EA3C32715355F0024DC33;
			remoteInfo = Landmarks;
		};
/* End PBXContainerItemProxy section */

/* Begin PBXFileReference section */
		185EA3C42715355F0024DC33 /* Landmarks.app */ = {isa = PBXFileReference; explicitFileType = wrapper.application; includeInIndex = 0; path = Landmarks.app; sourceTree = BUILT_PRODUCTS_DIR; };
		185EA3C72715355F0024DC33 /* LandmarksApp.swift */ = {isa = PBXFileReference; lastKnownFileType = sourcecode.swift; path = LandmarksApp.swift; sourceTree = "<group>"; };
		185EA3C92715355F0024DC33 /* ContentView.swift */ = {isa = PBXFileReference; lastKnownFileType = sourcecode.swift; path = ContentView.swift; sourceTree = "<group>"; };
		185EA3CB271535600024DC33 /* Assets.xcassets */ = {isa = PBXFileReference; lastKnownFileType = folder.assetcatalog; path = Assets.xcassets; sourceTree = "<group>"; };
		185EA3CE271535600024DC33 /* Preview Assets.xcassets */ = {isa = PBXFileReference; lastKnownFileType = folder.assetcatalog; path = "Preview Assets.xcassets"; sourceTree = "<group>"; };
		185EA3D4271535610024DC33 /* LandmarksTests.xctest */ = {isa = PBXFileReference; explicitFileType = wrapper.cfbundle; includeInIndex = 0; path = LandmarksTests.xctest; sourceTree = BUILT_PRODUCTS_DIR; };
		185EA3D8271535610024DC33 /* LandmarksTests.swift */ = {isa = PBXFileReference; lastKnownFileType = sourcecode.swift; path = LandmarksTests.swift; sourceTree = "<group>"; };
		185EA3DE271535610024DC33 /* LandmarksUITests.xctest */ = {isa = PBXFileReference; explicitFileType = wrapper.cfbundle; includeInIndex = 0; path = LandmarksUITests.xctest; sourceTree = BUILT_PRODUCTS_DIR; };
		185EA3E2271535610024DC33 /* LandmarksUITests.swift */ = {isa = PBXFileReference; lastKnownFileType = sourcecode.swift; path = LandmarksUITests.swift; sourceTree = "<group>"; };
		185EA3E4271535610024DC33 /* LandmarksUITestsLaunchTests.swift */ = {isa = PBXFileReference; lastKnownFileType = sourcecode.swift; path = LandmarksUITestsLaunchTests.swift; sourceTree = "<group>"; };
		185EA3F527153DD10024DC33 /* CircleImage.swift */ = {isa = PBXFileReference; lastKnownFileType = sourcecode.swift; path = CircleImage.swift; sourceTree = "<group>"; };
		185EA3F727153EE30024DC33 /* MapView.swift */ = {isa = PBXFileReference; lastKnownFileType = sourcecode.swift; path = MapView.swift; sourceTree = "<group>"; };
		185EA3F92715439A0024DC33 /* landmarkData.json */ = {isa = PBXFileReference; fileEncoding = 4; lastKnownFileType = text.json; path = landmarkData.json; sourceTree = "<group>"; };
		185EA3FB271543D20024DC33 /* Landmark.swift */ = {isa = PBXFileReference; lastKnownFileType = sourcecode.swift; path = Landmark.swift; sourceTree = "<group>"; };
		185EA3FD271545690024DC33 /* ModelData.swift */ = {isa = PBXFileReference; lastKnownFileType = sourcecode.swift; path = ModelData.swift; sourceTree = "<group>"; };
		185EA402271556F70024DC33 /* LandmarkRow.swift */ = {isa = PBXFileReference; lastKnownFileType = sourcecode.swift; path = LandmarkRow.swift; sourceTree = "<group>"; };
		185EA40527155A3F0024DC33 /* LandmarkList.swift */ = {isa = PBXFileReference; lastKnownFileType = sourcecode.swift; path = LandmarkList.swift; sourceTree = "<group>"; };
/* End PBXFileReference section */

/* Begin PBXFrameworksBuildPhase section */
		185EA3C12715355F0024DC33 /* Frameworks */ = {
			isa = PBXFrameworksBuildPhase;
			buildActionMask = 2147483647;
			files = (
			);
			runOnlyForDeploymentPostprocessing = 0;
		};
		185EA3D1271535610024DC33 /* Frameworks */ = {
			isa = PBXFrameworksBuildPhase;
			buildActionMask = 2147483647;
			files = (
			);
			runOnlyForDeploymentPostprocessing = 0;
		};
		185EA3DB271535610024DC33 /* Frameworks */ = {
			isa = PBXFrameworksBuildPhase;
			buildActionMask = 2147483647;
			files = (
			);
			runOnlyForDeploymentPostprocessing = 0;
		};
/* End PBXFrameworksBuildPhase section */

/* Begin PBXGroup section */
		185EA3BB2715355F0024DC33 = {
			isa = PBXGroup;
			children = (
				185EA3C62715355F0024DC33 /* Landmarks */,
				185EA3D7271535610024DC33 /* LandmarksTests */,
				185EA3E1271535610024DC33 /* LandmarksUITests */,
				185EA3C52715355F0024DC33 /* Products */,
			);
			sourceTree = "<group>";
		};
		185EA3C52715355F0024DC33 /* Products */ = {
			isa = PBXGroup;
			children = (
				185EA3C42715355F0024DC33 /* Landmarks.app */,
				185EA3D4271535610024DC33 /* LandmarksTests.xctest */,
				185EA3DE271535610024DC33 /* LandmarksUITests.xctest */,
			);
			name = Products;
			sourceTree = "<group>";
		};
		185EA3C62715355F0024DC33 /* Landmarks */ = {
			isa = PBXGroup;
			children = (
				185EA404271558B40024DC33 /* Resources */,
				185EA401271556980024DC33 /* Model */,
				185EA3FF271556720024DC33 /* Views */,
				185EA3C72715355F0024DC33 /* LandmarksApp.swift */,
				185EA3CB271535600024DC33 /* Assets.xcassets */,
				185EA3CD271535600024DC33 /* Preview Content */,
			);
			path = Landmarks;
			sourceTree = "<group>";
		};
		185EA3CD271535600024DC33 /* Preview Content */ = {
			isa = PBXGroup;
			children = (
				185EA3CE271535600024DC33 /* Preview Assets.xcassets */,
			);
			path = "Preview Content";
			sourceTree = "<group>";
		};
		185EA3D7271535610024DC33 /* LandmarksTests */ = {
			isa = PBXGroup;
			children = (
				185EA3D8271535610024DC33 /* LandmarksTests.swift */,
			);
			path = LandmarksTests;
			sourceTree = "<group>";
		};
		185EA3E1271535610024DC33 /* LandmarksUITests */ = {
			isa = PBXGroup;
			children = (
				185EA3E2271535610024DC33 /* LandmarksUITests.swift */,
				185EA3E4271535610024DC33 /* LandmarksUITestsLaunchTests.swift */,
			);
			path = LandmarksUITests;
			sourceTree = "<group>";
		};
		185EA3FF271556720024DC33 /* Views */ = {
			isa = PBXGroup;
			children = (
				185EA3F527153DD10024DC33 /* CircleImage.swift */,
				185EA3F727153EE30024DC33 /* MapView.swift */,
				185EA3C92715355F0024DC33 /* ContentView.swift */,
				185EA402271556F70024DC33 /* LandmarkRow.swift */,
				185EA40527155A3F0024DC33 /* LandmarkList.swift */,
			);
			path = Views;
			sourceTree = "<group>";
		};
		185EA401271556980024DC33 /* Model */ = {
			isa = PBXGroup;
			children = (
				185EA3FD271545690024DC33 /* ModelData.swift */,
				185EA3FB271543D20024DC33 /* Landmark.swift */,
			);
			path = Model;
			sourceTree = "<group>";
		};
		185EA404271558B40024DC33 /* Resources */ = {
			isa = PBXGroup;
			children = (
				185EA3F92715439A0024DC33 /* landmarkData.json */,
			);
			path = Resources;
			sourceTree = "<group>";
		};
/* End PBXGroup section */

/* Begin PBXNativeTarget section */
		185EA3C32715355F0024DC33 /* Landmarks */ = {
			isa = PBXNativeTarget;
			buildConfigurationList = 185EA3E8271535610024DC33 /* Build configuration list for PBXNativeTarget "Landmarks" */;
			buildPhases = (
				185EA3C02715355F0024DC33 /* Sources */,
				185EA3C12715355F0024DC33 /* Frameworks */,
				185EA3C22715355F0024DC33 /* Resources */,
			);
			buildRules = (
			);
			dependencies = (
			);
			name = Landmarks;
			productName = Landmarks;
			productReference = 185EA3C42715355F0024DC33 /* Landmarks.app */;
			productType = "com.apple.product-type.application";
		};
		185EA3D3271535610024DC33 /* LandmarksTests */ = {
			isa = PBXNativeTarget;
			buildConfigurationList = 185EA3EB271535610024DC33 /* Build configuration list for PBXNativeTarget "LandmarksTests" */;
			buildPhases = (
				185EA3D0271535610024DC33 /* Sources */,
				185EA3D1271535610024DC33 /* Frameworks */,
				185EA3D2271535610024DC33 /* Resources */,
			);
			buildRules = (
			);
			dependencies = (
				185EA3D6271535610024DC33 /* PBXTargetDependency */,
			);
			name = LandmarksTests;
			productName = LandmarksTests;
			productReference = 185EA3D4271535610024DC33 /* LandmarksTests.xctest */;
			productType = "com.apple.product-type.bundle.unit-test";
		};
		185EA3DD271535610024DC33 /* LandmarksUITests */ = {
			isa = PBXNativeTarget;
			buildConfigurationList = 185EA3EE271535610024DC33 /* Build configuration list for PBXNativeTarget "LandmarksUITests" */;
			buildPhases = (
				185EA3DA271535610024DC33 /* Sources */,
				185EA3DB271535610024DC33 /* Frameworks */,
				185EA3DC271535610024DC33 /* Resources */,
			);
			buildRules = (
			);
			dependencies = (
				185EA3E0271535610024DC33 /* PBXTargetDependency */,
			);
			name = LandmarksUITests;
			productName = LandmarksUITests;
			productReference = 185EA3DE271535610024DC33 /* LandmarksUITests.xctest */;
			productType = "com.apple.product-type.bundle.ui-testing";
		};
/* End PBXNativeTarget section */

/* Begin PBXProject section */
		185EA3BC2715355F0024DC33 /* Project object */ = {
			isa = PBXProject;
			attributes = {
				BuildIndependentTargetsInParallel = 1;
				LastSwiftUpdateCheck = 1300;
				LastUpgradeCheck = 1300;
				TargetAttributes = {
					185EA3C32715355F0024DC33 = {
						CreatedOnToolsVersion = 13.0;
					};
					185EA3D3271535610024DC33 = {
						CreatedOnToolsVersion = 13.0;
						TestTargetID = 185EA3C32715355F0024DC33;
					};
					185EA3DD271535610024DC33 = {
						CreatedOnToolsVersion = 13.0;
						TestTargetID = 185EA3C32715355F0024DC33;
					};
				};
			};
			buildConfigurationList = 185EA3BF2715355F0024DC33 /* Build configuration list for PBXProject "Landmarks" */;
			compatibilityVersion = "Xcode 13.0";
			developmentRegion = en;
			hasScannedForEncodings = 0;
			knownRegions = (
				en,
				Base,
			);
			mainGroup = 185EA3BB2715355F0024DC33;
			productRefGroup = 185EA3C52715355F0024DC33 /* Products */;
			projectDirPath = "";
			projectRoot = "";
			targets = (
				185EA3C32715355F0024DC33 /* Landmarks */,
				185EA3D3271535610024DC33 /* LandmarksTests */,
				185EA3DD271535610024DC33 /* LandmarksUITests */,
			);
		};
/* End PBXProject section */

/* Begin PBXResourcesBuildPhase section */
		185EA3C22715355F0024DC33 /* Resources */ = {
			isa = PBXResourcesBuildPhase;
			buildActionMask = 2147483647;
			files = (
				185EA3CF271535600024DC33 /* Preview Assets.xcassets in Resources */,
				185EA3CC271535600024DC33 /* Assets.xcassets in Resources */,
				185EA3FA2715439A0024DC33 /* landmarkData.json in Resources */,
			);
			runOnlyForDeploymentPostprocessing = 0;
		};
		185EA3D2271535610024DC33 /* Resources */ = {
			isa = PBXResourcesBuildPhase;
			buildActionMask = 2147483647;
			files = (
			);
			runOnlyForDeploymentPostprocessing = 0;
		};
		185EA3DC271535610024DC33 /* Resources */ = {
			isa = PBXResourcesBuildPhase;
			buildActionMask = 2147483647;
			files = (
			);
			runOnlyForDeploymentPostprocessing = 0;
		};
/* End PBXResourcesBuildPhase section */

/* Begin PBXSourcesBuildPhase section */
		185EA3C02715355F0024DC33 /* Sources */ = {
			isa = PBXSourcesBuildPhase;
			buildActionMask = 2147483647;
			files = (
				185EA3CA2715355F0024DC33 /* ContentView.swift in Sources */,
				185EA3F827153EE30024DC33 /* MapView.swift in Sources */,
				185EA3C82715355F0024DC33 /* LandmarksApp.swift in Sources */,
				185EA40627155A3F0024DC33 /* LandmarkList.swift in Sources */,
				185EA3F627153DD10024DC33 /* CircleImage.swift in Sources */,
				185EA3FC271543D20024DC33 /* Landmark.swift in Sources */,
				185EA403271556F70024DC33 /* LandmarkRow.swift in Sources */,
				185EA3FE271545690024DC33 /* ModelData.swift in Sources */,
			);
			runOnlyForDeploymentPostprocessing = 0;
		};
		185EA3D0271535610024DC33 /* Sources */ = {
			isa = PBXSourcesBuildPhase;
			buildActionMask = 2147483647;
			files = (
				185EA3D9271535610024DC33 /* LandmarksTests.swift in Sources */,
			);
			runOnlyForDeploymentPostprocessing = 0;
		};
		185EA3DA271535610024DC33 /* Sources */ = {
			isa = PBXSourcesBuildPhase;
			buildActionMask = 2147483647;
			files = (
				185EA3E5271535610024DC33 /* LandmarksUITestsLaunchTests.swift in Sources */,
				185EA3E3271535610024DC33 /* LandmarksUITests.swift in Sources */,
			);
			runOnlyForDeploymentPostprocessing = 0;
		};
/* End PBXSourcesBuildPhase section */

/* Begin PBXTargetDependency section */
		185EA3D6271535610024DC33 /* PBXTargetDependency */ = {
			isa = PBXTargetDependency;
			target = 185EA3C32715355F0024DC33 /* Landmarks */;
			targetProxy = 185EA3D5271535610024DC33 /* PBXContainerItemProxy */;
		};
		185EA3E0271535610024DC33 /* PBXTargetDependency */ = {
			isa = PBXTargetDependency;
			target = 185EA3C32715355F0024DC33 /* Landmarks */;
			targetProxy = 185EA3DF271535610024DC33 /* PBXContainerItemProxy */;
		};
/* End PBXTargetDependency section */

/* Begin XCBuildConfiguration section */
		185EA3E6271535610024DC33 /* Debug */ = {
			isa = XCBuildConfiguration;
			buildSettings = {
				ALWAYS_SEARCH_USER_PATHS = NO;
				CLANG_ANALYZER_NONNULL = YES;
				CLANG_ANALYZER_NUMBER_OBJECT_CONVERSION = YES_AGGRESSIVE;
				CLANG_CXX_LANGUAGE_STANDARD = "gnu++17";
				CLANG_CXX_LIBRARY = "libc++";
				CLANG_ENABLE_MODULES = YES;
				CLANG_ENABLE_OBJC_ARC = YES;
				CLANG_ENABLE_OBJC_WEAK = YES;
				CLANG_WARN_BLOCK_CAPTURE_AUTORELEASING = YES;
				CLANG_WARN_BOOL_CONVERSION = YES;
				CLANG_WARN_COMMA = YES;
				CLANG_WARN_CONSTANT_CONVERSION = YES;
				CLANG_WARN_DEPRECATED_OBJC_IMPLEMENTATIONS = YES;
				CLANG_WARN_DIRECT_OBJC_ISA_USAGE = YES_ERROR;
				CLANG_WARN_DOCUMENTATION_COMMENTS = YES;
				CLANG_WARN_EMPTY_BODY = YES;
				CLANG_WARN_ENUM_CONVERSION = YES;
				CLANG_WARN_INFINITE_RECURSION = YES;
				CLANG_WARN_INT_CONVERSION = YES;
				CLANG_WARN_NON_LITERAL_NULL_CONVERSION = YES;
				CLANG_WARN_OBJC_IMPLICIT_RETAIN_SELF = YES;
				CLANG_WARN_OBJC_LITERAL_CONVERSION = YES;
				CLANG_WARN_OBJC_ROOT_CLASS = YES_ERROR;
				CLANG_WARN_QUOTED_INCLUDE_IN_FRAMEWORK_HEADER = YES;
				CLANG_WARN_RANGE_LOOP_ANALYSIS = YES;
				CLANG_WARN_STRICT_PROTOTYPES = YES;
				CLANG_WARN_SUSPICIOUS_MOVE = YES;
				CLANG_WARN_UNGUARDED_AVAILABILITY = YES_AGGRESSIVE;
				CLANG_WARN_UNREACHABLE_CODE = YES;
				CLANG_WARN__DUPLICATE_METHOD_MATCH = YES;
				COPY_PHASE_STRIP = NO;
				DEBUG_INFORMATION_FORMAT = dwarf;
				ENABLE_STRICT_OBJC_MSGSEND = YES;
				ENABLE_TESTABILITY = YES;
				GCC_C_LANGUAGE_STANDARD = gnu11;
				GCC_DYNAMIC_NO_PIC = NO;
				GCC_NO_COMMON_BLOCKS = YES;
				GCC_OPTIMIZATION_LEVEL = 0;
				GCC_PREPROCESSOR_DEFINITIONS = (
					"DEBUG=1",
					"$(inherited)",
				);
				GCC_WARN_64_TO_32_BIT_CONVERSION = YES;
				GCC_WARN_ABOUT_RETURN_TYPE = YES_ERROR;
				GCC_WARN_UNDECLARED_SELECTOR = YES;
				GCC_WARN_UNINITIALIZED_AUTOS = YES_AGGRESSIVE;
				GCC_WARN_UNUSED_FUNCTION = YES;
				GCC_WARN_UNUSED_VARIABLE = YES;
				IPHONEOS_DEPLOYMENT_TARGET = 15.0;
				MTL_ENABLE_DEBUG_INFO = INCLUDE_SOURCE;
				MTL_FAST_MATH = YES;
				ONLY_ACTIVE_ARCH = YES;
				SDKROOT = iphoneos;
				SWIFT_ACTIVE_COMPILATION_CONDITIONS = DEBUG;
				SWIFT_OPTIMIZATION_LEVEL = "-Onone";
			};
			name = Debug;
		};
		185EA3E7271535610024DC33 /* Release */ = {
			isa = XCBuildConfiguration;
			buildSettings = {
				ALWAYS_SEARCH_USER_PATHS = NO;
				CLANG_ANALYZER_NONNULL = YES;
				CLANG_ANALYZER_NUMBER_OBJECT_CONVERSION = YES_AGGRESSIVE;
				CLANG_CXX_LANGUAGE_STANDARD = "gnu++17";
				CLANG_CXX_LIBRARY = "libc++";
				CLANG_ENABLE_MODULES = YES;
				CLANG_ENABLE_OBJC_ARC = YES;
				CLANG_ENABLE_OBJC_WEAK = YES;
				CLANG_WARN_BLOCK_CAPTURE_AUTORELEASING = YES;
				CLANG_WARN_BOOL_CONVERSION = YES;
				CLANG_WARN_COMMA = YES;
				CLANG_WARN_CONSTANT_CONVERSION = YES;
				CLANG_WARN_DEPRECATED_OBJC_IMPLEMENTATIONS = YES;
				CLANG_WARN_DIRECT_OBJC_ISA_USAGE = YES_ERROR;
				CLANG_WARN_DOCUMENTATION_COMMENTS = YES;
				CLANG_WARN_EMPTY_BODY = YES;
				CLANG_WARN_ENUM_CONVERSION = YES;
				CLANG_WARN_INFINITE_RECURSION = YES;
				CLANG_WARN_INT_CONVERSION = YES;
				CLANG_WARN_NON_LITERAL_NULL_CONVERSION = YES;
				CLANG_WARN_OBJC_IMPLICIT_RETAIN_SELF = YES;
				CLANG_WARN_OBJC_LITERAL_CONVERSION = YES;
				CLANG_WARN_OBJC_ROOT_CLASS = YES_ERROR;
				CLANG_WARN_QUOTED_INCLUDE_IN_FRAMEWORK_HEADER = YES;
				CLANG_WARN_RANGE_LOOP_ANALYSIS = YES;
				CLANG_WARN_STRICT_PROTOTYPES = YES;
				CLANG_WARN_SUSPICIOUS_MOVE = YES;
				CLANG_WARN_UNGUARDED_AVAILABILITY = YES_AGGRESSIVE;
				CLANG_WARN_UNREACHABLE_CODE = YES;
				CLANG_WARN__DUPLICATE_METHOD_MATCH = YES;
				COPY_PHASE_STRIP = NO;
				DEBUG_INFORMATION_FORMAT = "dwarf-with-dsym";
				ENABLE_NS_ASSERTIONS = NO;
				ENABLE_STRICT_OBJC_MSGSEND = YES;
				GCC_C_LANGUAGE_STANDARD = gnu11;
				GCC_NO_COMMON_BLOCKS = YES;
				GCC_WARN_64_TO_32_BIT_CONVERSION = YES;
				GCC_WARN_ABOUT_RETURN_TYPE = YES_ERROR;
				GCC_WARN_UNDECLARED_SELECTOR = YES;
				GCC_WARN_UNINITIALIZED_AUTOS = YES_AGGRESSIVE;
				GCC_WARN_UNUSED_FUNCTION = YES;
				GCC_WARN_UNUSED_VARIABLE = YES;
				IPHONEOS_DEPLOYMENT_TARGET = 15.0;
				MTL_ENABLE_DEBUG_INFO = NO;
				MTL_FAST_MATH = YES;
				SDKROOT = iphoneos;
				SWIFT_COMPILATION_MODE = wholemodule;
				SWIFT_OPTIMIZATION_LEVEL = "-O";
				VALIDATE_PRODUCT = YES;
			};
			name = Release;
		};
		185EA3E9271535610024DC33 /* Debug */ = {
			isa = XCBuildConfiguration;
			buildSettings = {
				ASSETCATALOG_COMPILER_APPICON_NAME = AppIcon;
				ASSETCATALOG_COMPILER_GLOBAL_ACCENT_COLOR_NAME = AccentColor;
				CODE_SIGN_STYLE = Automatic;
				CURRENT_PROJECT_VERSION = 1;
				DEVELOPMENT_ASSET_PATHS = "\"Landmarks/Preview Content\"";
				ENABLE_PREVIEWS = YES;
				GENERATE_INFOPLIST_FILE = YES;
				INFOPLIST_KEY_UIApplicationSceneManifest_Generation = YES;
				INFOPLIST_KEY_UIApplicationSupportsIndirectInputEvents = YES;
				INFOPLIST_KEY_UILaunchScreen_Generation = YES;
				INFOPLIST_KEY_UISupportedInterfaceOrientations_iPad = "UIInterfaceOrientationPortrait UIInterfaceOrientationPortraitUpsideDown UIInterfaceOrientationLandscapeLeft UIInterfaceOrientationLandscapeRight";
				INFOPLIST_KEY_UISupportedInterfaceOrientations_iPhone = "UIInterfaceOrientationPortrait UIInterfaceOrientationLandscapeLeft UIInterfaceOrientationLandscapeRight";
				IPHONEOS_DEPLOYMENT_TARGET = 14.0;
				LD_RUNPATH_SEARCH_PATHS = (
					"$(inherited)",
					"@executable_path/Frameworks",
				);
				MARKETING_VERSION = 1.0;
				PRODUCT_BUNDLE_IDENTIFIER = alfienity.Landmarks;
				PRODUCT_NAME = "$(TARGET_NAME)";
				SWIFT_EMIT_LOC_STRINGS = YES;
				SWIFT_VERSION = 5.0;
				TARGETED_DEVICE_FAMILY = "1,2";
			};
			name = Debug;
		};
		185EA3EA271535610024DC33 /* Release */ = {
			isa = XCBuildConfiguration;
			buildSettings = {
				ASSETCATALOG_COMPILER_APPICON_NAME = AppIcon;
				ASSETCATALOG_COMPILER_GLOBAL_ACCENT_COLOR_NAME = AccentColor;
				CODE_SIGN_STYLE = Automatic;
				CURRENT_PROJECT_VERSION = 1;
				DEVELOPMENT_ASSET_PATHS = "\"Landmarks/Preview Content\"";
				ENABLE_PREVIEWS = YES;
				GENERATE_INFOPLIST_FILE = YES;
				INFOPLIST_KEY_UIApplicationSceneManifest_Generation = YES;
				INFOPLIST_KEY_UIApplicationSupportsIndirectInputEvents = YES;
				INFOPLIST_KEY_UILaunchScreen_Generation = YES;
				INFOPLIST_KEY_UISupportedInterfaceOrientations_iPad = "UIInterfaceOrientationPortrait UIInterfaceOrientationPortraitUpsideDown UIInterfaceOrientationLandscapeLeft UIInterfaceOrientationLandscapeRight";
				INFOPLIST_KEY_UISupportedInterfaceOrientations_iPhone = "UIInterfaceOrientationPortrait UIInterfaceOrientationLandscapeLeft UIInterfaceOrientationLandscapeRight";
				IPHONEOS_DEPLOYMENT_TARGET = 14.0;
				LD_RUNPATH_SEARCH_PATHS = (
					"$(inherited)",
					"@executable_path/Frameworks",
				);
				MARKETING_VERSION = 1.0;
				PRODUCT_BUNDLE_IDENTIFIER = alfienity.Landmarks;
				PRODUCT_NAME = "$(TARGET_NAME)";
				SWIFT_EMIT_LOC_STRINGS = YES;
				SWIFT_VERSION = 5.0;
				TARGETED_DEVICE_FAMILY = "1,2";
			};
			name = Release;
		};
		185EA3EC271535610024DC33 /* Debug */ = {
			isa = XCBuildConfiguration;
			buildSettings = {
				ALWAYS_EMBED_SWIFT_STANDARD_LIBRARIES = YES;
				BUNDLE_LOADER = "$(TEST_HOST)";
				CODE_SIGN_STYLE = Automatic;
				CURRENT_PROJECT_VERSION = 1;
				GENERATE_INFOPLIST_FILE = YES;
				IPHONEOS_DEPLOYMENT_TARGET = 14.0;
				LD_RUNPATH_SEARCH_PATHS = (
					"$(inherited)",
					"@executable_path/Frameworks",
					"@loader_path/Frameworks",
				);
				MARKETING_VERSION = 1.0;
				PRODUCT_BUNDLE_IDENTIFIER = alfienity.LandmarksTests;
				PRODUCT_NAME = "$(TARGET_NAME)";
				SWIFT_EMIT_LOC_STRINGS = NO;
				SWIFT_VERSION = 5.0;
				TARGETED_DEVICE_FAMILY = "1,2";
				TEST_HOST = "$(BUILT_PRODUCTS_DIR)/Landmarks.app/Landmarks";
			};
			name = Debug;
		};
		185EA3ED271535610024DC33 /* Release */ = {
			isa = XCBuildConfiguration;
			buildSettings = {
				ALWAYS_EMBED_SWIFT_STANDARD_LIBRARIES = YES;
				BUNDLE_LOADER = "$(TEST_HOST)";
				CODE_SIGN_STYLE = Automatic;
				CURRENT_PROJECT_VERSION = 1;
				GENERATE_INFOPLIST_FILE = YES;
				IPHONEOS_DEPLOYMENT_TARGET = 14.0;
				LD_RUNPATH_SEARCH_PATHS = (
					"$(inherited)",
					"@executable_path/Frameworks",
					"@loader_path/Frameworks",
				);
				MARKETING_VERSION = 1.0;
				PRODUCT_BUNDLE_IDENTIFIER = alfienity.LandmarksTests;
				PRODUCT_NAME = "$(TARGET_NAME)";
				SWIFT_EMIT_LOC_STRINGS = NO;
				SWIFT_VERSION = 5.0;
				TARGETED_DEVICE_FAMILY = "1,2";
				TEST_HOST = "$(BUILT_PRODUCTS_DIR)/Landmarks.app/Landmarks";
			};
			name = Release;
		};
		185EA3EF271535610024DC33 /* Debug */ = {
			isa = XCBuildConfiguration;
			buildSettings = {
				ALWAYS_EMBED_SWIFT_STANDARD_LIBRARIES = YES;
				CODE_SIGN_STYLE = Automatic;
				CURRENT_PROJECT_VERSION = 1;
				GENERATE_INFOPLIST_FILE = YES;
				LD_RUNPATH_SEARCH_PATHS = (
					"$(inherited)",
					"@executable_path/Frameworks",
					"@loader_path/Frameworks",
				);
				MARKETING_VERSION = 1.0;
				PRODUCT_BUNDLE_IDENTIFIER = alfienity.LandmarksUITests;
				PRODUCT_NAME = "$(TARGET_NAME)";
				SWIFT_EMIT_LOC_STRINGS = NO;
				SWIFT_VERSION = 5.0;
				TARGETED_DEVICE_FAMILY = "1,2";
				TEST_TARGET_NAME = Landmarks;
			};
			name = Debug;
		};
		185EA3F0271535610024DC33 /* Release */ = {
			isa = XCBuildConfiguration;
			buildSettings = {
				ALWAYS_EMBED_SWIFT_STANDARD_LIBRARIES = YES;
				CODE_SIGN_STYLE = Automatic;
				CURRENT_PROJECT_VERSION = 1;
				GENERATE_INFOPLIST_FILE = YES;
				LD_RUNPATH_SEARCH_PATHS = (
					"$(inherited)",
					"@executable_path/Frameworks",
					"@loader_path/Frameworks",
				);
				MARKETING_VERSION = 1.0;
				PRODUCT_BUNDLE_IDENTIFIER = alfienity.LandmarksUITests;
				PRODUCT_NAME = "$(TARGET_NAME)";
				SWIFT_EMIT_LOC_STRINGS = NO;
				SWIFT_VERSION = 5.0;
				TARGETED_DEVICE_FAMILY = "1,2";
				TEST_TARGET_NAME = Landmarks;
			};
			name = Release;
		};
/* End XCBuildConfiguration section */

/* Begin XCConfigurationList section */
		185EA3BF2715355F0024DC33 /* Build configuration list for PBXProject "Landmarks" */ = {
			isa = XCConfigurationList;
			buildConfigurations = (
				185EA3E6271535610024DC33 /* Debug */,
				185EA3E7271535610024DC33 /* Release */,
			);
			defaultConfigurationIsVisible = 0;
			defaultConfigurationName = Release;
		};
		185EA3E8271535610024DC33 /* Build configuration list for PBXNativeTarget "Landmarks" */ = {
			isa = XCConfigurationList;
			buildConfigurations = (
				185EA3E9271535610024DC33 /* Debug */,
				185EA3EA271535610024DC33 /* Release */,
			);
			defaultConfigurationIsVisible = 0;
			defaultConfigurationName = Release;
		};
		185EA3EB271535610024DC33 /* Build configuration list for PBXNativeTarget "LandmarksTests" */ = {
			isa = XCConfigurationList;
			buildConfigurations = (
				185EA3EC271535610024DC33 /* Debug */,
				185EA3ED271535610024DC33 /* Release */,
			);
			defaultConfigurationIsVisible = 0;
			defaultConfigurationName = Release;
		};
		185EA3EE271535610024DC33 /* Build configuration list for PBXNativeTarget "LandmarksUITests" */ = {
			isa = XCConfigurationList;
			buildConfigurations = (
				185EA3EF271535610024DC33 /* Debug */,
				185EA3F0271535610024DC33 /* Release */,
			);
			defaultConfigurationIsVisible = 0;
			defaultConfigurationName = Release;
		};
/* End XCConfigurationList section */
	};
	rootObject = 185EA3BC2715355F0024DC33 /* Project object */;
}
